// !$*UTF8*$!
{
	archiveVersion = 1;
	classes = {
	};
	objectVersion = 46;
	objects = {

/* Begin PBXBuildFile section */
		182647781C2E689C0078D4C2 /* ForgetPassword.swift in Sources */ = {isa = PBXBuildFile; fileRef = 182647761C2E689C0078D4C2 /* ForgetPassword.swift */; };
		182647791C2E689C0078D4C2 /* RegisterController.swift in Sources */ = {isa = PBXBuildFile; fileRef = 182647771C2E689C0078D4C2 /* RegisterController.swift */; };
		184867821BF8506F00016A4E /* SliderMain.swift in Sources */ = {isa = PBXBuildFile; fileRef = 184867811BF8506F00016A4E /* SliderMain.swift */; };
		184867841BF851AE00016A4E /* Common.swift in Sources */ = {isa = PBXBuildFile; fileRef = 184867831BF851AE00016A4E /* Common.swift */; };
		18610C4C1C12C88300B864F2 /* wow_main_theme.mp3 in Resources */ = {isa = PBXBuildFile; fileRef = 18610C4B1C12C88300B864F2 /* wow_main_theme.mp3 */; };
		18610C4E1C12D48600B864F2 /* RestService.swift in Sources */ = {isa = PBXBuildFile; fileRef = 18610C4D1C12D48600B864F2 /* RestService.swift */; };
		18610C511C12DCC500B864F2 /* LoginService.swift in Sources */ = {isa = PBXBuildFile; fileRef = 18610C501C12DCC500B864F2 /* LoginService.swift */; };
		18610C531C12E15600B864F2 /* StringExtensions.swift in Sources */ = {isa = PBXBuildFile; fileRef = 18610C521C12E15600B864F2 /* StringExtensions.swift */; };
		18A593CE1C0996DB00458308 /* ActivityMain.swift in Sources */ = {isa = PBXBuildFile; fileRef = 18A593CD1C0996DB00458308 /* ActivityMain.swift */; };
		18A593D51C099BBB00458308 /* ActivityUserTableSource.swift in Sources */ = {isa = PBXBuildFile; fileRef = 18A593D41C099BBB00458308 /* ActivityUserTableSource.swift */; };
		18A593D81C099C5300458308 /* TableViewBaseCell.swift in Sources */ = {isa = PBXBuildFile; fileRef = 18A593D71C099C5300458308 /* TableViewBaseCell.swift */; };
		18A593DA1C099C5A00458308 /* BaseTextfiledDeletgate.swift in Sources */ = {isa = PBXBuildFile; fileRef = 18A593D91C099C5A00458308 /* BaseTextfiledDeletgate.swift */; };
		18A593DC1C099D4100458308 /* CellType.swift in Sources */ = {isa = PBXBuildFile; fileRef = 18A593DB1C099D4100458308 /* CellType.swift */; };
		18A824461BEDCDF200084589 /* LoginController.swift in Sources */ = {isa = PBXBuildFile; fileRef = 18A824451BEDCDF200084589 /* LoginController.swift */; };
		18A8244A1BEDCF0E00084589 /* UIAdapter.swift in Sources */ = {isa = PBXBuildFile; fileRef = 18A824491BEDCF0E00084589 /* UIAdapter.swift */; };
		18A8244F1BEDCF9400084589 /* BaseViewController.swift in Sources */ = {isa = PBXBuildFile; fileRef = 18A8244E1BEDCF9400084589 /* BaseViewController.swift */; };
		18A824511BEDD55500084589 /* Storyboard.storyboard in Resources */ = {isa = PBXBuildFile; fileRef = 18A824501BEDD55500084589 /* Storyboard.storyboard */; };
		18A824581BEDED8900084589 /* ChooseSide.swift in Sources */ = {isa = PBXBuildFile; fileRef = 18A824571BEDED8900084589 /* ChooseSide.swift */; };
		18A8245A1BEDF5CC00084589 /* ChooseSideCollectionCell.swift in Sources */ = {isa = PBXBuildFile; fileRef = 18A824591BEDF5CC00084589 /* ChooseSideCollectionCell.swift */; };
		18A8245C1BEDF62D00084589 /* ChooseSideCollectionSource.swift in Sources */ = {isa = PBXBuildFile; fileRef = 18A8245B1BEDF62D00084589 /* ChooseSideCollectionSource.swift */; };
		18A824761BEE0C1900084589 /* CoreGraphics.framework in Frameworks */ = {isa = PBXBuildFile; fileRef = 18A824751BEE0C1900084589 /* CoreGraphics.framework */; };
		18A8247C1BEE2B5D00084589 /* MainTabbar.swift in Sources */ = {isa = PBXBuildFile; fileRef = 18A8247B1BEE2B5D00084589 /* MainTabbar.swift */; };
		18A824821BEE2FCA00084589 /* SignUp.swift in Sources */ = {isa = PBXBuildFile; fileRef = 18A824811BEE2FCA00084589 /* SignUp.swift */; };
		18AF8CA51BEDCCCB00539C0E /* AppDelegate.swift in Sources */ = {isa = PBXBuildFile; fileRef = 18AF8CA41BEDCCCB00539C0E /* AppDelegate.swift */; };
		18AF8CAC1BEDCCCB00539C0E /* Assets.xcassets in Resources */ = {isa = PBXBuildFile; fileRef = 18AF8CAB1BEDCCCB00539C0E /* Assets.xcassets */; };
		18AF8CAF1BEDCCCB00539C0E /* LaunchScreen.storyboard in Resources */ = {isa = PBXBuildFile; fileRef = 18AF8CAD1BEDCCCB00539C0E /* LaunchScreen.storyboard */; };
		18AF8CBA1BEDCCCB00539C0E /* CraftTests.swift in Sources */ = {isa = PBXBuildFile; fileRef = 18AF8CB91BEDCCCB00539C0E /* CraftTests.swift */; };
		18AF8CC51BEDCCCB00539C0E /* CraftUITests.swift in Sources */ = {isa = PBXBuildFile; fileRef = 18AF8CC41BEDCCCB00539C0E /* CraftUITests.swift */; };
		18E6046E1C0EC50800620499 /* ApiResult.swift in Sources */ = {isa = PBXBuildFile; fileRef = 18E6046D1C0EC50800620499 /* ApiResult.swift */; };
		26FDEB84629869B329580E24 /* Pods.framework in Frameworks */ = {isa = PBXBuildFile; fileRef = FFF7E3FA5773E8C0E92800CE /* Pods.framework */; };
/* End PBXBuildFile section */

/* Begin PBXContainerItemProxy section */
		18AF8CB61BEDCCCB00539C0E /* PBXContainerItemProxy */ = {
			isa = PBXContainerItemProxy;
			containerPortal = 18AF8C991BEDCCCB00539C0E /* Project object */;
			proxyType = 1;
			remoteGlobalIDString = 18AF8CA01BEDCCCB00539C0E;
			remoteInfo = Craft;
		};
		18AF8CC11BEDCCCB00539C0E /* PBXContainerItemProxy */ = {
			isa = PBXContainerItemProxy;
			containerPortal = 18AF8C991BEDCCCB00539C0E /* Project object */;
			proxyType = 1;
			remoteGlobalIDString = 18AF8CA01BEDCCCB00539C0E;
			remoteInfo = Craft;
		};
/* End PBXContainerItemProxy section */

/* Begin PBXFileReference section */
		182647761C2E689C0078D4C2 /* ForgetPassword.swift */ = {isa = PBXFileReference; fileEncoding = 4; lastKnownFileType = sourcecode.swift; name = ForgetPassword.swift; path = Modules/Login/ForgetPassword.swift; sourceTree = "<group>"; };
		182647771C2E689C0078D4C2 /* RegisterController.swift */ = {isa = PBXFileReference; fileEncoding = 4; lastKnownFileType = sourcecode.swift; name = RegisterController.swift; path = Modules/Login/RegisterController.swift; sourceTree = "<group>"; };
		184867811BF8506F00016A4E /* SliderMain.swift */ = {isa = PBXFileReference; fileEncoding = 4; lastKnownFileType = sourcecode.swift; path = SliderMain.swift; sourceTree = "<group>"; };
		184867831BF851AE00016A4E /* Common.swift */ = {isa = PBXFileReference; fileEncoding = 4; lastKnownFileType = sourcecode.swift; path = Common.swift; sourceTree = "<group>"; };
		18610C4B1C12C88300B864F2 /* wow_main_theme.mp3 */ = {isa = PBXFileReference; lastKnownFileType = audio.mp3; path = wow_main_theme.mp3; sourceTree = "<group>"; };
		18610C4D1C12D48600B864F2 /* RestService.swift */ = {isa = PBXFileReference; fileEncoding = 4; lastKnownFileType = sourcecode.swift; path = RestService.swift; sourceTree = "<group>"; };
		18610C501C12DCC500B864F2 /* LoginService.swift */ = {isa = PBXFileReference; fileEncoding = 4; lastKnownFileType = sourcecode.swift; path = LoginService.swift; sourceTree = "<group>"; };
		18610C521C12E15600B864F2 /* StringExtensions.swift */ = {isa = PBXFileReference; fileEncoding = 4; lastKnownFileType = sourcecode.swift; path = StringExtensions.swift; sourceTree = "<group>"; };
		18A593CD1C0996DB00458308 /* ActivityMain.swift */ = {isa = PBXFileReference; fileEncoding = 4; lastKnownFileType = sourcecode.swift; name = ActivityMain.swift; path = ActivityMain/ActivityMain.swift; sourceTree = "<group>"; };
		18A593D41C099BBB00458308 /* ActivityUserTableSource.swift */ = {isa = PBXFileReference; fileEncoding = 4; lastKnownFileType = sourcecode.swift; path = ActivityUserTableSource.swift; sourceTree = "<group>"; };
		18A593D71C099C5300458308 /* TableViewBaseCell.swift */ = {isa = PBXFileReference; fileEncoding = 4; lastKnownFileType = sourcecode.swift; path = TableViewBaseCell.swift; sourceTree = "<group>"; };
		18A593D91C099C5A00458308 /* BaseTextfiledDeletgate.swift */ = {isa = PBXFileReference; fileEncoding = 4; lastKnownFileType = sourcecode.swift; path = BaseTextfiledDeletgate.swift; sourceTree = "<group>"; };
		18A593DB1C099D4100458308 /* CellType.swift */ = {isa = PBXFileReference; fileEncoding = 4; lastKnownFileType = sourcecode.swift; path = CellType.swift; sourceTree = "<group>"; };
		18A824451BEDCDF200084589 /* LoginController.swift */ = {isa = PBXFileReference; fileEncoding = 4; lastKnownFileType = sourcecode.swift; name = LoginController.swift; path = Modules/Login/LoginController.swift; sourceTree = "<group>"; };
		18A824491BEDCF0E00084589 /* UIAdapter.swift */ = {isa = PBXFileReference; fileEncoding = 4; lastKnownFileType = sourcecode.swift; path = UIAdapter.swift; sourceTree = "<group>"; };
		18A8244E1BEDCF9400084589 /* BaseViewController.swift */ = {isa = PBXFileReference; fileEncoding = 4; lastKnownFileType = sourcecode.swift; path = BaseViewController.swift; sourceTree = "<group>"; };
		18A824501BEDD55500084589 /* Storyboard.storyboard */ = {isa = PBXFileReference; fileEncoding = 4; lastKnownFileType = file.storyboard; path = Storyboard.storyboard; sourceTree = "<group>"; };
		18A824521BEDD86500084589 /* Craft-bridge-header.h */ = {isa = PBXFileReference; lastKnownFileType = sourcecode.c.h; path = "Craft-bridge-header.h"; sourceTree = "<group>"; };
		18A824571BEDED8900084589 /* ChooseSide.swift */ = {isa = PBXFileReference; fileEncoding = 4; lastKnownFileType = sourcecode.swift; path = ChooseSide.swift; sourceTree = "<group>"; };
		18A824591BEDF5CC00084589 /* ChooseSideCollectionCell.swift */ = {isa = PBXFileReference; fileEncoding = 4; lastKnownFileType = sourcecode.swift; name = ChooseSideCollectionCell.swift; path = ChooseSide/ChooseSideCollectionCell.swift; sourceTree = "<group>"; };
		18A8245B1BEDF62D00084589 /* ChooseSideCollectionSource.swift */ = {isa = PBXFileReference; fileEncoding = 4; lastKnownFileType = sourcecode.swift; path = ChooseSideCollectionSource.swift; sourceTree = "<group>"; };
		18A824751BEE0C1900084589 /* CoreGraphics.framework */ = {isa = PBXFileReference; lastKnownFileType = wrapper.framework; name = CoreGraphics.framework; path = System/Library/Frameworks/CoreGraphics.framework; sourceTree = SDKROOT; };
		18A8247B1BEE2B5D00084589 /* MainTabbar.swift */ = {isa = PBXFileReference; fileEncoding = 4; lastKnownFileType = sourcecode.swift; name = MainTabbar.swift; path = MainTabbar/MainTabbar.swift; sourceTree = "<group>"; };
		18A824811BEE2FCA00084589 /* SignUp.swift */ = {isa = PBXFileReference; fileEncoding = 4; lastKnownFileType = sourcecode.swift; name = SignUp.swift; path = SignUp/SignUp.swift; sourceTree = "<group>"; };
		18AF8CA11BEDCCCB00539C0E /* Craft.app */ = {isa = PBXFileReference; explicitFileType = wrapper.application; includeInIndex = 0; path = Craft.app; sourceTree = BUILT_PRODUCTS_DIR; };
		18AF8CA41BEDCCCB00539C0E /* AppDelegate.swift */ = {isa = PBXFileReference; lastKnownFileType = sourcecode.swift; path = AppDelegate.swift; sourceTree = "<group>"; };
		18AF8CAB1BEDCCCB00539C0E /* Assets.xcassets */ = {isa = PBXFileReference; lastKnownFileType = folder.assetcatalog; path = Assets.xcassets; sourceTree = "<group>"; };
		18AF8CAE1BEDCCCB00539C0E /* Base */ = {isa = PBXFileReference; lastKnownFileType = file.storyboard; name = Base; path = Base.lproj/LaunchScreen.storyboard; sourceTree = "<group>"; };
		18AF8CB01BEDCCCB00539C0E /* Info.plist */ = {isa = PBXFileReference; lastKnownFileType = text.plist.xml; path = Info.plist; sourceTree = "<group>"; };
		18AF8CB51BEDCCCB00539C0E /* CraftTests.xctest */ = {isa = PBXFileReference; explicitFileType = wrapper.cfbundle; includeInIndex = 0; path = CraftTests.xctest; sourceTree = BUILT_PRODUCTS_DIR; };
		18AF8CB91BEDCCCB00539C0E /* CraftTests.swift */ = {isa = PBXFileReference; lastKnownFileType = sourcecode.swift; path = CraftTests.swift; sourceTree = "<group>"; };
		18AF8CBB1BEDCCCB00539C0E /* Info.plist */ = {isa = PBXFileReference; lastKnownFileType = text.plist.xml; path = Info.plist; sourceTree = "<group>"; };
		18AF8CC01BEDCCCB00539C0E /* CraftUITests.xctest */ = {isa = PBXFileReference; explicitFileType = wrapper.cfbundle; includeInIndex = 0; path = CraftUITests.xctest; sourceTree = BUILT_PRODUCTS_DIR; };
		18AF8CC41BEDCCCB00539C0E /* CraftUITests.swift */ = {isa = PBXFileReference; lastKnownFileType = sourcecode.swift; path = CraftUITests.swift; sourceTree = "<group>"; };
		18AF8CC61BEDCCCB00539C0E /* Info.plist */ = {isa = PBXFileReference; lastKnownFileType = text.plist.xml; path = Info.plist; sourceTree = "<group>"; };
		18E6046D1C0EC50800620499 /* ApiResult.swift */ = {isa = PBXFileReference; fileEncoding = 4; lastKnownFileType = sourcecode.swift; path = ApiResult.swift; sourceTree = "<group>"; };
		35FFEC4388D0F109F79B4A61 /* Pods.release.xcconfig */ = {isa = PBXFileReference; includeInIndex = 1; lastKnownFileType = text.xcconfig; name = Pods.release.xcconfig; path = "Pods/Target Support Files/Pods/Pods.release.xcconfig"; sourceTree = "<group>"; };
		A816835E20B22F39AE004838 /* Pods.debug.xcconfig */ = {isa = PBXFileReference; includeInIndex = 1; lastKnownFileType = text.xcconfig; name = Pods.debug.xcconfig; path = "Pods/Target Support Files/Pods/Pods.debug.xcconfig"; sourceTree = "<group>"; };
		FFF7E3FA5773E8C0E92800CE /* Pods.framework */ = {isa = PBXFileReference; explicitFileType = wrapper.framework; includeInIndex = 0; path = Pods.framework; sourceTree = BUILT_PRODUCTS_DIR; };
/* End PBXFileReference section */

/* Begin PBXFrameworksBuildPhase section */
		18AF8C9E1BEDCCCB00539C0E /* Frameworks */ = {
			isa = PBXFrameworksBuildPhase;
			buildActionMask = 2147483647;
			files = (
				18A824761BEE0C1900084589 /* CoreGraphics.framework in Frameworks */,
				26FDEB84629869B329580E24 /* Pods.framework in Frameworks */,
			);
			runOnlyForDeploymentPostprocessing = 0;
		};
		18AF8CB21BEDCCCB00539C0E /* Frameworks */ = {
			isa = PBXFrameworksBuildPhase;
			buildActionMask = 2147483647;
			files = (
			);
			runOnlyForDeploymentPostprocessing = 0;
		};
		18AF8CBD1BEDCCCB00539C0E /* Frameworks */ = {
			isa = PBXFrameworksBuildPhase;
			buildActionMask = 2147483647;
			files = (
			);
			runOnlyForDeploymentPostprocessing = 0;
		};
/* End PBXFrameworksBuildPhase section */

/* Begin PBXGroup section */
		1848677D1BF84D4200016A4E /* SliderMain */ = {
			isa = PBXGroup;
			children = (
				184867801BF84D6500016A4E /* Model */,
				1848677F1BF84D5D00016A4E /* Controller */,
				1848677E1BF84D5700016A4E /* View */,
			);
			name = SliderMain;
			sourceTree = "<group>";
		};
		1848677E1BF84D5700016A4E /* View */ = {
			isa = PBXGroup;
			children = (
			);
			name = View;
			sourceTree = "<group>";
		};
		1848677F1BF84D5D00016A4E /* Controller */ = {
			isa = PBXGroup;
			children = (
				184867811BF8506F00016A4E /* SliderMain.swift */,
			);
			name = Controller;
			sourceTree = "<group>";
		};
		184867801BF84D6500016A4E /* Model */ = {
			isa = PBXGroup;
			children = (
			);
			name = Model;
			sourceTree = "<group>";
		};
		18610C4A1C12C6FA00B864F2 /* Resource */ = {
			isa = PBXGroup;
			children = (
				18610C4B1C12C88300B864F2 /* wow_main_theme.mp3 */,
			);
			name = Resource;
			sourceTree = "<group>";
		};
		18610C4F1C12DCB400B864F2 /* Service */ = {
			isa = PBXGroup;
			children = (
				18610C501C12DCC500B864F2 /* LoginService.swift */,
			);
			name = Service;
			sourceTree = "<group>";
		};
		18A593D01C09974000458308 /* ActivityMain */ = {
			isa = PBXGroup;
			children = (
				18A593D31C09975700458308 /* Model */,
				18A593D21C09975100458308 /* Controller */,
				18A593D11C09974C00458308 /* View */,
			);
			name = ActivityMain;
			sourceTree = "<group>";
		};
		18A593D11C09974C00458308 /* View */ = {
			isa = PBXGroup;
			children = (
			);
			name = View;
			sourceTree = "<group>";
		};
		18A593D21C09975100458308 /* Controller */ = {
			isa = PBXGroup;
			children = (
				18A593CD1C0996DB00458308 /* ActivityMain.swift */,
				18A593D41C099BBB00458308 /* ActivityUserTableSource.swift */,
			);
			name = Controller;
			sourceTree = "<group>";
		};
		18A593D31C09975700458308 /* Model */ = {
			isa = PBXGroup;
			children = (
			);
			name = Model;
			sourceTree = "<group>";
		};
		18A593D61C099C4700458308 /* Common */ = {
			isa = PBXGroup;
			children = (
				18A593DD1C099D4E00458308 /* BaseTableViewCell */,
				18A8244E1BEDCF9400084589 /* BaseViewController.swift */,
				18A593D91C099C5A00458308 /* BaseTextfiledDeletgate.swift */,
			);
			name = Common;
			sourceTree = "<group>";
		};
		18A593DD1C099D4E00458308 /* BaseTableViewCell */ = {
			isa = PBXGroup;
			children = (
				18A593D71C099C5300458308 /* TableViewBaseCell.swift */,
				18A593DB1C099D4100458308 /* CellType.swift */,
			);
			name = BaseTableViewCell;
			sourceTree = "<group>";
		};
		18A824401BEDCD6100084589 /* Modules */ = {
			isa = PBXGroup;
			children = (
				18A593D01C09974000458308 /* ActivityMain */,
				1848677D1BF84D4200016A4E /* SliderMain */,
				18A8247D1BEE2F7A00084589 /* SignUp */,
				18A824771BEE269500084589 /* MainTabbar */,
				18A824531BEDED3400084589 /* ChooseSide */,
				18A824411BEDCD8B00084589 /* Login */,
			);
			name = Modules;
			sourceTree = "<group>";
		};
		18A824411BEDCD8B00084589 /* Login */ = {
			isa = PBXGroup;
			children = (
				18610C4F1C12DCB400B864F2 /* Service */,
				18A824441BEDCDB600084589 /* Controller */,
				18A824431BEDCDAC00084589 /* View */,
				18A824421BEDCDA600084589 /* Model */,
			);
			name = Login;
			sourceTree = "<group>";
		};
		18A824421BEDCDA600084589 /* Model */ = {
			isa = PBXGroup;
			children = (
			);
			name = Model;
			sourceTree = "<group>";
		};
		18A824431BEDCDAC00084589 /* View */ = {
			isa = PBXGroup;
			children = (
			);
			name = View;
			sourceTree = "<group>";
		};
		18A824441BEDCDB600084589 /* Controller */ = {
			isa = PBXGroup;
			children = (
				182647761C2E689C0078D4C2 /* ForgetPassword.swift */,
				182647771C2E689C0078D4C2 /* RegisterController.swift */,
				18A824451BEDCDF200084589 /* LoginController.swift */,
			);
			name = Controller;
			sourceTree = "<group>";
		};
		18A824471BEDCEBB00084589 /* Utils */ = {
			isa = PBXGroup;
			children = (
				18A824491BEDCF0E00084589 /* UIAdapter.swift */,
				184867831BF851AE00016A4E /* Common.swift */,
			);
			name = Utils;
			sourceTree = "<group>";
		};
		18A824481BEDCEC700084589 /* Network */ = {
			isa = PBXGroup;
			children = (
				18610C4D1C12D48600B864F2 /* RestService.swift */,
			);
			name = Network;
			sourceTree = "<group>";
		};
		18A8244D1BEDCF5000084589 /* Basic */ = {
			isa = PBXGroup;
			children = (
				18A593D61C099C4700458308 /* Common */,
			);
			name = Basic;
			sourceTree = "<group>";
		};
		18A824531BEDED3400084589 /* ChooseSide */ = {
			isa = PBXGroup;
			children = (
				18A824561BEDED5300084589 /* Model */,
				18A824551BEDED4F00084589 /* View */,
				18A824541BEDED4000084589 /* Controller */,
			);
			name = ChooseSide;
			sourceTree = "<group>";
		};
		18A824541BEDED4000084589 /* Controller */ = {
			isa = PBXGroup;
			children = (
				18A824571BEDED8900084589 /* ChooseSide.swift */,
				18A8245B1BEDF62D00084589 /* ChooseSideCollectionSource.swift */,
			);
			name = Controller;
			sourceTree = "<group>";
		};
		18A824551BEDED4F00084589 /* View */ = {
			isa = PBXGroup;
			children = (
				18A824591BEDF5CC00084589 /* ChooseSideCollectionCell.swift */,
			);
			name = View;
			sourceTree = "<group>";
		};
		18A824561BEDED5300084589 /* Model */ = {
			isa = PBXGroup;
			children = (
			);
			name = Model;
			sourceTree = "<group>";
		};
		18A8245D1BEDFF4700084589 /* OtherTools */ = {
			isa = PBXGroup;
			children = (
				18610C521C12E15600B864F2 /* StringExtensions.swift */,
			);
			name = OtherTools;
			sourceTree = "<group>";
		};
		18A824771BEE269500084589 /* MainTabbar */ = {
			isa = PBXGroup;
			children = (
				18A8247A1BEE26C400084589 /* Model */,
				18A824791BEE26BD00084589 /* Controller */,
				18A824781BEE26B700084589 /* View */,
			);
			name = MainTabbar;
			sourceTree = "<group>";
		};
		18A824781BEE26B700084589 /* View */ = {
			isa = PBXGroup;
			children = (
			);
			name = View;
			sourceTree = "<group>";
		};
		18A824791BEE26BD00084589 /* Controller */ = {
			isa = PBXGroup;
			children = (
				18A8247B1BEE2B5D00084589 /* MainTabbar.swift */,
			);
			name = Controller;
			sourceTree = "<group>";
		};
		18A8247A1BEE26C400084589 /* Model */ = {
			isa = PBXGroup;
			children = (
			);
			name = Model;
			sourceTree = "<group>";
		};
		18A8247D1BEE2F7A00084589 /* SignUp */ = {
			isa = PBXGroup;
			children = (
				18A824801BEE2F9F00084589 /* Controller */,
				18A8247F1BEE2F9900084589 /* Model */,
				18A8247E1BEE2F9500084589 /* View */,
			);
			name = SignUp;
			sourceTree = "<group>";
		};
		18A8247E1BEE2F9500084589 /* View */ = {
			isa = PBXGroup;
			children = (
			);
			name = View;
			sourceTree = "<group>";
		};
		18A8247F1BEE2F9900084589 /* Model */ = {
			isa = PBXGroup;
			children = (
			);
			name = Model;
			sourceTree = "<group>";
		};
		18A824801BEE2F9F00084589 /* Controller */ = {
			isa = PBXGroup;
			children = (
				18A824811BEE2FCA00084589 /* SignUp.swift */,
			);
			name = Controller;
			sourceTree = "<group>";
		};
		18AF8C981BEDCCCB00539C0E = {
			isa = PBXGroup;
			children = (
				18AF8CA31BEDCCCB00539C0E /* Craft */,
				18AF8CB81BEDCCCB00539C0E /* CraftTests */,
				18AF8CC31BEDCCCB00539C0E /* CraftUITests */,
				18AF8CA21BEDCCCB00539C0E /* Products */,
				86A49B4EDCC86DFD88C14599 /* Pods */,
				583278BE556209F15C6BD56C /* Frameworks */,
			);
			sourceTree = "<group>";
		};
		18AF8CA21BEDCCCB00539C0E /* Products */ = {
			isa = PBXGroup;
			children = (
				18AF8CA11BEDCCCB00539C0E /* Craft.app */,
				18AF8CB51BEDCCCB00539C0E /* CraftTests.xctest */,
				18AF8CC01BEDCCCB00539C0E /* CraftUITests.xctest */,
			);
			name = Products;
			sourceTree = "<group>";
		};
		18AF8CA31BEDCCCB00539C0E /* Craft */ = {
			isa = PBXGroup;
			children = (
				18610C4A1C12C6FA00B864F2 /* Resource */,
				18E6046A1C0EC45B00620499 /* NetWork */,
				18A8245D1BEDFF4700084589 /* OtherTools */,
				18A8244D1BEDCF5000084589 /* Basic */,
				18A824481BEDCEC700084589 /* Network */,
				18A824471BEDCEBB00084589 /* Utils */,
				18A824401BEDCD6100084589 /* Modules */,
				18AF8CA41BEDCCCB00539C0E /* AppDelegate.swift */,
				18AF8CAB1BEDCCCB00539C0E /* Assets.xcassets */,
				18AF8CAD1BEDCCCB00539C0E /* LaunchScreen.storyboard */,
				18AF8CB01BEDCCCB00539C0E /* Info.plist */,
				18A824501BEDD55500084589 /* Storyboard.storyboard */,
				18A824521BEDD86500084589 /* Craft-bridge-header.h */,
			);
			path = Craft;
			sourceTree = "<group>";
		};
		18AF8CB81BEDCCCB00539C0E /* CraftTests */ = {
			isa = PBXGroup;
			children = (
				18AF8CB91BEDCCCB00539C0E /* CraftTests.swift */,
				18AF8CBB1BEDCCCB00539C0E /* Info.plist */,
			);
			path = CraftTests;
			sourceTree = "<group>";
		};
		18AF8CC31BEDCCCB00539C0E /* CraftUITests */ = {
			isa = PBXGroup;
			children = (
				18AF8CC41BEDCCCB00539C0E /* CraftUITests.swift */,
				18AF8CC61BEDCCCB00539C0E /* Info.plist */,
			);
			path = CraftUITests;
			sourceTree = "<group>";
		};
		18E6046A1C0EC45B00620499 /* NetWork */ = {
			isa = PBXGroup;
			children = (
				18E6046D1C0EC50800620499 /* ApiResult.swift */,
			);
			name = NetWork;
			sourceTree = "<group>";
		};
		583278BE556209F15C6BD56C /* Frameworks */ = {
			isa = PBXGroup;
			children = (
				18A824751BEE0C1900084589 /* CoreGraphics.framework */,
				FFF7E3FA5773E8C0E92800CE /* Pods.framework */,
			);
			name = Frameworks;
			sourceTree = "<group>";
		};
		86A49B4EDCC86DFD88C14599 /* Pods */ = {
			isa = PBXGroup;
			children = (
				A816835E20B22F39AE004838 /* Pods.debug.xcconfig */,
				35FFEC4388D0F109F79B4A61 /* Pods.release.xcconfig */,
			);
			name = Pods;
			sourceTree = "<group>";
		};
/* End PBXGroup section */

/* Begin PBXNativeTarget section */
		18AF8CA01BEDCCCB00539C0E /* Craft */ = {
			isa = PBXNativeTarget;
			buildConfigurationList = 18AF8CC91BEDCCCB00539C0E /* Build configuration list for PBXNativeTarget "Craft" */;
			buildPhases = (
				A439A32546959D742040541C /* Check Pods Manifest.lock */,
				18AF8C9D1BEDCCCB00539C0E /* Sources */,
				18AF8C9E1BEDCCCB00539C0E /* Frameworks */,
				18AF8C9F1BEDCCCB00539C0E /* Resources */,
				95C7FB7A254184E1B0EFA874 /* Embed Pods Frameworks */,
				71DBEA74395B4E4DF12AAE65 /* Copy Pods Resources */,
			);
			buildRules = (
			);
			dependencies = (
			);
			name = Craft;
			productName = Craft;
			productReference = 18AF8CA11BEDCCCB00539C0E /* Craft.app */;
			productType = "com.apple.product-type.application";
		};
		18AF8CB41BEDCCCB00539C0E /* CraftTests */ = {
			isa = PBXNativeTarget;
			buildConfigurationList = 18AF8CCC1BEDCCCB00539C0E /* Build configuration list for PBXNativeTarget "CraftTests" */;
			buildPhases = (
				18AF8CB11BEDCCCB00539C0E /* Sources */,
				18AF8CB21BEDCCCB00539C0E /* Frameworks */,
				18AF8CB31BEDCCCB00539C0E /* Resources */,
			);
			buildRules = (
			);
			dependencies = (
				18AF8CB71BEDCCCB00539C0E /* PBXTargetDependency */,
			);
			name = CraftTests;
			productName = CraftTests;
			productReference = 18AF8CB51BEDCCCB00539C0E /* CraftTests.xctest */;
			productType = "com.apple.product-type.bundle.unit-test";
		};
		18AF8CBF1BEDCCCB00539C0E /* CraftUITests */ = {
			isa = PBXNativeTarget;
			buildConfigurationList = 18AF8CCF1BEDCCCB00539C0E /* Build configuration list for PBXNativeTarget "CraftUITests" */;
			buildPhases = (
				18AF8CBC1BEDCCCB00539C0E /* Sources */,
				18AF8CBD1BEDCCCB00539C0E /* Frameworks */,
				18AF8CBE1BEDCCCB00539C0E /* Resources */,
			);
			buildRules = (
			);
			dependencies = (
				18AF8CC21BEDCCCB00539C0E /* PBXTargetDependency */,
			);
			name = CraftUITests;
			productName = CraftUITests;
			productReference = 18AF8CC01BEDCCCB00539C0E /* CraftUITests.xctest */;
			productType = "com.apple.product-type.bundle.ui-testing";
		};
/* End PBXNativeTarget section */

/* Begin PBXProject section */
		18AF8C991BEDCCCB00539C0E /* Project object */ = {
			isa = PBXProject;
			attributes = {
				LastSwiftUpdateCheck = 0710;
				LastUpgradeCheck = 0710;
				ORGANIZATIONNAME = castiel;
				TargetAttributes = {
					18AF8CA01BEDCCCB00539C0E = {
						CreatedOnToolsVersion = 7.1;
					};
					18AF8CB41BEDCCCB00539C0E = {
						CreatedOnToolsVersion = 7.1;
						TestTargetID = 18AF8CA01BEDCCCB00539C0E;
					};
					18AF8CBF1BEDCCCB00539C0E = {
						CreatedOnToolsVersion = 7.1;
						TestTargetID = 18AF8CA01BEDCCCB00539C0E;
					};
				};
			};
			buildConfigurationList = 18AF8C9C1BEDCCCB00539C0E /* Build configuration list for PBXProject "Craft" */;
			compatibilityVersion = "Xcode 3.2";
			developmentRegion = English;
			hasScannedForEncodings = 0;
			knownRegions = (
				en,
				Base,
			);
			mainGroup = 18AF8C981BEDCCCB00539C0E;
			productRefGroup = 18AF8CA21BEDCCCB00539C0E /* Products */;
			projectDirPath = "";
			projectRoot = "";
			targets = (
				18AF8CA01BEDCCCB00539C0E /* Craft */,
				18AF8CB41BEDCCCB00539C0E /* CraftTests */,
				18AF8CBF1BEDCCCB00539C0E /* CraftUITests */,
			);
		};
/* End PBXProject section */

/* Begin PBXResourcesBuildPhase section */
		18AF8C9F1BEDCCCB00539C0E /* Resources */ = {
			isa = PBXResourcesBuildPhase;
			buildActionMask = 2147483647;
			files = (
				18AF8CAF1BEDCCCB00539C0E /* LaunchScreen.storyboard in Resources */,
				18AF8CAC1BEDCCCB00539C0E /* Assets.xcassets in Resources */,
				18A824511BEDD55500084589 /* Storyboard.storyboard in Resources */,
				18610C4C1C12C88300B864F2 /* wow_main_theme.mp3 in Resources */,
			);
			runOnlyForDeploymentPostprocessing = 0;
		};
		18AF8CB31BEDCCCB00539C0E /* Resources */ = {
			isa = PBXResourcesBuildPhase;
			buildActionMask = 2147483647;
			files = (
			);
			runOnlyForDeploymentPostprocessing = 0;
		};
		18AF8CBE1BEDCCCB00539C0E /* Resources */ = {
			isa = PBXResourcesBuildPhase;
			buildActionMask = 2147483647;
			files = (
			);
			runOnlyForDeploymentPostprocessing = 0;
		};
/* End PBXResourcesBuildPhase section */

/* Begin PBXShellScriptBuildPhase section */
		71DBEA74395B4E4DF12AAE65 /* Copy Pods Resources */ = {
			isa = PBXShellScriptBuildPhase;
			buildActionMask = 2147483647;
			files = (
			);
			inputPaths = (
			);
			name = "Copy Pods Resources";
			outputPaths = (
			);
			runOnlyForDeploymentPostprocessing = 0;
			shellPath = /bin/sh;
			shellScript = "\"${SRCROOT}/Pods/Target Support Files/Pods/Pods-resources.sh\"\n";
			showEnvVarsInLog = 0;
		};
		95C7FB7A254184E1B0EFA874 /* Embed Pods Frameworks */ = {
			isa = PBXShellScriptBuildPhase;
			buildActionMask = 2147483647;
			files = (
			);
			inputPaths = (
			);
			name = "Embed Pods Frameworks";
			outputPaths = (
			);
			runOnlyForDeploymentPostprocessing = 0;
			shellPath = /bin/sh;
			shellScript = "\"${SRCROOT}/Pods/Target Support Files/Pods/Pods-frameworks.sh\"\n";
			showEnvVarsInLog = 0;
		};
		A439A32546959D742040541C /* Check Pods Manifest.lock */ = {
			isa = PBXShellScriptBuildPhase;
			buildActionMask = 2147483647;
			files = (
			);
			inputPaths = (
			);
			name = "Check Pods Manifest.lock";
			outputPaths = (
			);
			runOnlyForDeploymentPostprocessing = 0;
			shellPath = /bin/sh;
			shellScript = "diff \"${PODS_ROOT}/../Podfile.lock\" \"${PODS_ROOT}/Manifest.lock\" > /dev/null\nif [[ $? != 0 ]] ; then\n    cat << EOM\nerror: The sandbox is not in sync with the Podfile.lock. Run 'pod install' or update your CocoaPods installation.\nEOM\n    exit 1\nfi\n";
			showEnvVarsInLog = 0;
		};
/* End PBXShellScriptBuildPhase section */

/* Begin PBXSourcesBuildPhase section */
		18AF8C9D1BEDCCCB00539C0E /* Sources */ = {
			isa = PBXSourcesBuildPhase;
			buildActionMask = 2147483647;
			files = (
				18610C511C12DCC500B864F2 /* LoginService.swift in Sources */,
				18A593D51C099BBB00458308 /* ActivityUserTableSource.swift in Sources */,
				182647791C2E689C0078D4C2 /* RegisterController.swift in Sources */,
				18A8245C1BEDF62D00084589 /* ChooseSideCollectionSource.swift in Sources */,
				18A8244A1BEDCF0E00084589 /* UIAdapter.swift in Sources */,
				18E6046E1C0EC50800620499 /* ApiResult.swift in Sources */,
				18A593DA1C099C5A00458308 /* BaseTextfiledDeletgate.swift in Sources */,
				18A8245A1BEDF5CC00084589 /* ChooseSideCollectionCell.swift in Sources */,
				18A8244F1BEDCF9400084589 /* BaseViewController.swift in Sources */,
				184867841BF851AE00016A4E /* Common.swift in Sources */,
				18A8247C1BEE2B5D00084589 /* MainTabbar.swift in Sources */,
				18AF8CA51BEDCCCB00539C0E /* AppDelegate.swift in Sources */,
				182647781C2E689C0078D4C2 /* ForgetPassword.swift in Sources */,
				18A824461BEDCDF200084589 /* LoginController.swift in Sources */,
				18610C531C12E15600B864F2 /* StringExtensions.swift in Sources */,
				18610C4E1C12D48600B864F2 /* RestService.swift in Sources */,
				184867821BF8506F00016A4E /* SliderMain.swift in Sources */,
				18A593DC1C099D4100458308 /* CellType.swift in Sources */,
				18A593D81C099C5300458308 /* TableViewBaseCell.swift in Sources */,
				18A824821BEE2FCA00084589 /* SignUp.swift in Sources */,
				18A824581BEDED8900084589 /* ChooseSide.swift in Sources */,
				18A593CE1C0996DB00458308 /* ActivityMain.swift in Sources */,
			);
			runOnlyForDeploymentPostprocessing = 0;
		};
		18AF8CB11BEDCCCB00539C0E /* Sources */ = {
			isa = PBXSourcesBuildPhase;
			buildActionMask = 2147483647;
			files = (
				18AF8CBA1BEDCCCB00539C0E /* CraftTests.swift in Sources */,
			);
			runOnlyForDeploymentPostprocessing = 0;
		};
		18AF8CBC1BEDCCCB00539C0E /* Sources */ = {
			isa = PBXSourcesBuildPhase;
			buildActionMask = 2147483647;
			files = (
				18AF8CC51BEDCCCB00539C0E /* CraftUITests.swift in Sources */,
			);
			runOnlyForDeploymentPostprocessing = 0;
		};
/* End PBXSourcesBuildPhase section */

/* Begin PBXTargetDependency section */
		18AF8CB71BEDCCCB00539C0E /* PBXTargetDependency */ = {
			isa = PBXTargetDependency;
			target = 18AF8CA01BEDCCCB00539C0E /* Craft */;
			targetProxy = 18AF8CB61BEDCCCB00539C0E /* PBXContainerItemProxy */;
		};
		18AF8CC21BEDCCCB00539C0E /* PBXTargetDependency */ = {
			isa = PBXTargetDependency;
			target = 18AF8CA01BEDCCCB00539C0E /* Craft */;
			targetProxy = 18AF8CC11BEDCCCB00539C0E /* PBXContainerItemProxy */;
		};
/* End PBXTargetDependency section */

/* Begin PBXVariantGroup section */
		18AF8CAD1BEDCCCB00539C0E /* LaunchScreen.storyboard */ = {
			isa = PBXVariantGroup;
			children = (
				18AF8CAE1BEDCCCB00539C0E /* Base */,
			);
			name = LaunchScreen.storyboard;
			sourceTree = "<group>";
		};
/* End PBXVariantGroup section */

/* Begin XCBuildConfiguration section */
		18AF8CC71BEDCCCB00539C0E /* Debug */ = {
			isa = XCBuildConfiguration;
			buildSettings = {
				ALWAYS_SEARCH_USER_PATHS = NO;
				CLANG_CXX_LANGUAGE_STANDARD = "gnu++0x";
				CLANG_CXX_LIBRARY = "libc++";
				CLANG_ENABLE_MODULES = YES;
				CLANG_ENABLE_OBJC_ARC = YES;
				CLANG_WARN_BOOL_CONVERSION = YES;
				CLANG_WARN_CONSTANT_CONVERSION = YES;
				CLANG_WARN_DIRECT_OBJC_ISA_USAGE = YES_ERROR;
				CLANG_WARN_EMPTY_BODY = YES;
				CLANG_WARN_ENUM_CONVERSION = YES;
				CLANG_WARN_INT_CONVERSION = YES;
				CLANG_WARN_OBJC_ROOT_CLASS = YES_ERROR;
				CLANG_WARN_UNREACHABLE_CODE = YES;
				CLANG_WARN__DUPLICATE_METHOD_MATCH = YES;
				"CODE_SIGN_IDENTITY[sdk=iphoneos*]" = "iPhone Developer";
				COPY_PHASE_STRIP = NO;
				DEBUG_INFORMATION_FORMAT = dwarf;
				ENABLE_STRICT_OBJC_MSGSEND = YES;
				ENABLE_TESTABILITY = YES;
				GCC_C_LANGUAGE_STANDARD = gnu99;
				GCC_DYNAMIC_NO_PIC = NO;
				GCC_NO_COMMON_BLOCKS = YES;
				GCC_OPTIMIZATION_LEVEL = 0;
				GCC_PREPROCESSOR_DEFINITIONS = (
					"DEBUG=1",
					"$(inherited)",
				);
				GCC_WARN_64_TO_32_BIT_CONVERSION = YES;
				GCC_WARN_ABOUT_RETURN_TYPE = YES_ERROR;
				GCC_WARN_UNDECLARED_SELECTOR = YES;
				GCC_WARN_UNINITIALIZED_AUTOS = YES_AGGRESSIVE;
				GCC_WARN_UNUSED_FUNCTION = YES;
				GCC_WARN_UNUSED_VARIABLE = YES;
				IPHONEOS_DEPLOYMENT_TARGET = 9.1;
				MTL_ENABLE_DEBUG_INFO = YES;
				ONLY_ACTIVE_ARCH = YES;
				SDKROOT = iphoneos;
				SWIFT_OPTIMIZATION_LEVEL = "-Onone";
			};
			name = Debug;
		};
		18AF8CC81BEDCCCB00539C0E /* Release */ = {
			isa = XCBuildConfiguration;
			buildSettings = {
				ALWAYS_SEARCH_USER_PATHS = NO;
				CLANG_CXX_LANGUAGE_STANDARD = "gnu++0x";
				CLANG_CXX_LIBRARY = "libc++";
				CLANG_ENABLE_MODULES = YES;
				CLANG_ENABLE_OBJC_ARC = YES;
				CLANG_WARN_BOOL_CONVERSION = YES;
				CLANG_WARN_CONSTANT_CONVERSION = YES;
				CLANG_WARN_DIRECT_OBJC_ISA_USAGE = YES_ERROR;
				CLANG_WARN_EMPTY_BODY = YES;
				CLANG_WARN_ENUM_CONVERSION = YES;
				CLANG_WARN_INT_CONVERSION = YES;
				CLANG_WARN_OBJC_ROOT_CLASS = YES_ERROR;
				CLANG_WARN_UNREACHABLE_CODE = YES;
				CLANG_WARN__DUPLICATE_METHOD_MATCH = YES;
				"CODE_SIGN_IDENTITY[sdk=iphoneos*]" = "iPhone Developer";
				COPY_PHASE_STRIP = NO;
				DEBUG_INFORMATION_FORMAT = "dwarf-with-dsym";
				ENABLE_NS_ASSERTIONS = NO;
				ENABLE_STRICT_OBJC_MSGSEND = YES;
				GCC_C_LANGUAGE_STANDARD = gnu99;
				GCC_NO_COMMON_BLOCKS = YES;
				GCC_WARN_64_TO_32_BIT_CONVERSION = YES;
				GCC_WARN_ABOUT_RETURN_TYPE = YES_ERROR;
				GCC_WARN_UNDECLARED_SELECTOR = YES;
				GCC_WARN_UNINITIALIZED_AUTOS = YES_AGGRESSIVE;
				GCC_WARN_UNUSED_FUNCTION = YES;
				GCC_WARN_UNUSED_VARIABLE = YES;
				IPHONEOS_DEPLOYMENT_TARGET = 9.1;
				MTL_ENABLE_DEBUG_INFO = NO;
				SDKROOT = iphoneos;
				VALIDATE_PRODUCT = YES;
			};
			name = Release;
		};
		18AF8CCA1BEDCCCB00539C0E /* Debug */ = {
			isa = XCBuildConfiguration;
			baseConfigurationReference = A816835E20B22F39AE004838 /* Pods.debug.xcconfig */;
			buildSettings = {
				ASSETCATALOG_COMPILER_APPICON_NAME = AppIcon;
				INFOPLIST_FILE = Craft/Info.plist;
				IPHONEOS_DEPLOYMENT_TARGET = 8.4;
				LD_RUNPATH_SEARCH_PATHS = "$(inherited) @executable_path/Frameworks";
				PRODUCT_BUNDLE_IDENTIFIER = com.app.castiel.craft.Craft;
				PRODUCT_NAME = "$(TARGET_NAME)";
				SWIFT_OBJC_BRIDGING_HEADER = "Craft/Craft-bridge-header.h";
				"SWIFT_OBJC_BRIDGING_HEADER[arch=*]" = "Craft/Craft-bridge-header.h";
			};
			name = Debug;
		};
		18AF8CCB1BEDCCCB00539C0E /* Release */ = {
			isa = XCBuildConfiguration;
			baseConfigurationReference = 35FFEC4388D0F109F79B4A61 /* Pods.release.xcconfig */;
			buildSettings = {
				ASSETCATALOG_COMPILER_APPICON_NAME = AppIcon;
				INFOPLIST_FILE = Craft/Info.plist;
				IPHONEOS_DEPLOYMENT_TARGET = 8.4;
				LD_RUNPATH_SEARCH_PATHS = "$(inherited) @executable_path/Frameworks";
				PRODUCT_BUNDLE_IDENTIFIER = com.app.castiel.craft.Craft;
				PRODUCT_NAME = "$(TARGET_NAME)";
				SWIFT_OBJC_BRIDGING_HEADER = "Craft/Craft-bridge-header.h";
				"SWIFT_OBJC_BRIDGING_HEADER[arch=*]" = "Craft/Craft-bridge-header.h";
			};
			name = Release;
		};
		18AF8CCD1BEDCCCB00539C0E /* Debug */ = {
			isa = XCBuildConfiguration;
			buildSettings = {
				BUNDLE_LOADER = "$(TEST_HOST)";
				INFOPLIST_FILE = CraftTests/Info.plist;
				LD_RUNPATH_SEARCH_PATHS = "$(inherited) @executable_path/Frameworks @loader_path/Frameworks";
				PRODUCT_BUNDLE_IDENTIFIER = com.app.castiel.craft.CraftTests;
				PRODUCT_NAME = "$(TARGET_NAME)";
				TEST_HOST = "$(BUILT_PRODUCTS_DIR)/Craft.app/Craft";
			};
			name = Debug;
		};
		18AF8CCE1BEDCCCB00539C0E /* Release */ = {
			isa = XCBuildConfiguration;
			buildSettings = {
				BUNDLE_LOADER = "$(TEST_HOST)";
				INFOPLIST_FILE = CraftTests/Info.plist;
				LD_RUNPATH_SEARCH_PATHS = "$(inherited) @executable_path/Frameworks @loader_path/Frameworks";
				PRODUCT_BUNDLE_IDENTIFIER = com.app.castiel.craft.CraftTests;
				PRODUCT_NAME = "$(TARGET_NAME)";
				TEST_HOST = "$(BUILT_PRODUCTS_DIR)/Craft.app/Craft";
			};
			name = Release;
		};
		18AF8CD01BEDCCCB00539C0E /* Debug */ = {
			isa = XCBuildConfiguration;
			buildSettings = {
				INFOPLIST_FILE = CraftUITests/Info.plist;
				LD_RUNPATH_SEARCH_PATHS = "$(inherited) @executable_path/Frameworks @loader_path/Frameworks";
				PRODUCT_BUNDLE_IDENTIFIER = com.app.castiel.craft.CraftUITests;
				PRODUCT_NAME = "$(TARGET_NAME)";
				TEST_TARGET_NAME = Craft;
				USES_XCTRUNNER = YES;
			};
			name = Debug;
		};
		18AF8CD11BEDCCCB00539C0E /* Release */ = {
			isa = XCBuildConfiguration;
			buildSettings = {
				INFOPLIST_FILE = CraftUITests/Info.plist;
				LD_RUNPATH_SEARCH_PATHS = "$(inherited) @executable_path/Frameworks @loader_path/Frameworks";
				PRODUCT_BUNDLE_IDENTIFIER = com.app.castiel.craft.CraftUITests;
				PRODUCT_NAME = "$(TARGET_NAME)";
				TEST_TARGET_NAME = Craft;
				USES_XCTRUNNER = YES;
			};
			name = Release;
		};
/* End XCBuildConfiguration section */

/* Begin XCConfigurationList section */
		18AF8C9C1BEDCCCB00539C0E /* Build configuration list for PBXProject "Craft" */ = {
			isa = XCConfigurationList;
			buildConfigurations = (
				18AF8CC71BEDCCCB00539C0E /* Debug */,
				18AF8CC81BEDCCCB00539C0E /* Release */,
			);
			defaultConfigurationIsVisible = 0;
			defaultConfigurationName = Release;
		};
		18AF8CC91BEDCCCB00539C0E /* Build configuration list for PBXNativeTarget "Craft" */ = {
			isa = XCConfigurationList;
			buildConfigurations = (
				18AF8CCA1BEDCCCB00539C0E /* Debug */,
				18AF8CCB1BEDCCCB00539C0E /* Release */,
			);
			defaultConfigurationIsVisible = 0;
			defaultConfigurationName = Release;
		};
		18AF8CCC1BEDCCCB00539C0E /* Build configuration list for PBXNativeTarget "CraftTests" */ = {
			isa = XCConfigurationList;
			buildConfigurations = (
				18AF8CCD1BEDCCCB00539C0E /* Debug */,
				18AF8CCE1BEDCCCB00539C0E /* Release */,
			);
			defaultConfigurationIsVisible = 0;
			defaultConfigurationName = Release;
		};
		18AF8CCF1BEDCCCB00539C0E /* Build configuration list for PBXNativeTarget "CraftUITests" */ = {
			isa = XCConfigurationList;
			buildConfigurations = (
				18AF8CD01BEDCCCB00539C0E /* Debug */,
				18AF8CD11BEDCCCB00539C0E /* Release */,
			);
			defaultConfigurationIsVisible = 0;
			defaultConfigurationName = Release;
		};
/* End XCConfigurationList section */
	};
	rootObject = 18AF8C991BEDCCCB00539C0E /* Project object */;
}
